// !$*UTF8*$!
{
	archiveVersion = 1;
	classes = {
	};
	objectVersion = 46;
	objects = {

/* Begin PBXBuildFile section */
		A12A46DA1DAD3AB9003547FC /* AppDelegate.swift in Sources */ = {isa = PBXBuildFile; fileRef = A12A46D91DAD3AB9003547FC /* AppDelegate.swift */; };
		A12A46DC1DAD3AB9003547FC /* ViewController.swift in Sources */ = {isa = PBXBuildFile; fileRef = A12A46DB1DAD3AB9003547FC /* ViewController.swift */; };
		A12A46DF1DAD3AB9003547FC /* Main.storyboard in Resources */ = {isa = PBXBuildFile; fileRef = A12A46DD1DAD3AB9003547FC /* Main.storyboard */; };
		A12A46E11DAD3AB9003547FC /* Assets.xcassets in Resources */ = {isa = PBXBuildFile; fileRef = A12A46E01DAD3AB9003547FC /* Assets.xcassets */; };
		A12A46E41DAD3AB9003547FC /* LaunchScreen.storyboard in Resources */ = {isa = PBXBuildFile; fileRef = A12A46E21DAD3AB9003547FC /* LaunchScreen.storyboard */; };
		A12A46EF1DAD3AB9003547FC /* FoodTrackerTests.swift in Sources */ = {isa = PBXBuildFile; fileRef = A12A46EE1DAD3AB9003547FC /* FoodTrackerTests.swift */; };
		A150DA8D1DF33D1400F816EF /* SendEmailPage.swift in Sources */ = {isa = PBXBuildFile; fileRef = A150DA8C1DF33D1400F816EF /* SendEmailPage.swift */; };
		A17E85B81DFF63CA00BF95A9 /* FinalDisplay.swift in Sources */ = {isa = PBXBuildFile; fileRef = A17E85B71DFF63CA00BF95A9 /* FinalDisplay.swift */; };
		A17E85B91DFF63CA00BF95A9 /* FinalDisplay.swift in Sources */ = {isa = PBXBuildFile; fileRef = A17E85B71DFF63CA00BF95A9 /* FinalDisplay.swift */; };
		A1BB2BCA1DEBB1C2007CCB3B /* EntryPage.swift in Sources */ = {isa = PBXBuildFile; fileRef = A1BB2BC91DEBB1C2007CCB3B /* EntryPage.swift */; };
		A1BD78421DE0F51900AAAB81 /* Measurements.swift in Sources */ = {isa = PBXBuildFile; fileRef = A1BD78411DE0F51900AAAB81 /* Measurements.swift */; };
		A1BD78431DE0F52800AAAB81 /* Measurements.swift in Sources */ = {isa = PBXBuildFile; fileRef = A1BD78411DE0F51900AAAB81 /* Measurements.swift */; };
		A1BD78441DE0FECD00AAAB81 /* ViewController.swift in Sources */ = {isa = PBXBuildFile; fileRef = A12A46DB1DAD3AB9003547FC /* ViewController.swift */; };
/* End PBXBuildFile section */

/* Begin PBXContainerItemProxy section */
		A12A46EB1DAD3AB9003547FC /* PBXContainerItemProxy */ = {
			isa = PBXContainerItemProxy;
			containerPortal = A12A46CE1DAD3AB9003547FC /* Project object */;
			proxyType = 1;
			remoteGlobalIDString = A12A46D51DAD3AB9003547FC;
			remoteInfo = FoodTracker;
		};
/* End PBXContainerItemProxy section */

/* Begin PBXFileReference section */
		A12A46D61DAD3AB9003547FC /* FoodTracker.app */ = {isa = PBXFileReference; explicitFileType = wrapper.application; includeInIndex = 0; path = FoodTracker.app; sourceTree = BUILT_PRODUCTS_DIR; };
		A12A46D91DAD3AB9003547FC /* AppDelegate.swift */ = {isa = PBXFileReference; lastKnownFileType = sourcecode.swift; path = AppDelegate.swift; sourceTree = "<group>"; };
		A12A46DB1DAD3AB9003547FC /* ViewController.swift */ = {isa = PBXFileReference; lastKnownFileType = sourcecode.swift; path = ViewController.swift; sourceTree = "<group>"; };
		A12A46DE1DAD3AB9003547FC /* Base */ = {isa = PBXFileReference; lastKnownFileType = file.storyboard; name = Base; path = Base.lproj/Main.storyboard; sourceTree = "<group>"; };
		A12A46E01DAD3AB9003547FC /* Assets.xcassets */ = {isa = PBXFileReference; lastKnownFileType = folder.assetcatalog; path = Assets.xcassets; sourceTree = "<group>"; };
		A12A46E31DAD3AB9003547FC /* Base */ = {isa = PBXFileReference; lastKnownFileType = file.storyboard; name = Base; path = Base.lproj/LaunchScreen.storyboard; sourceTree = "<group>"; };
		A12A46E51DAD3AB9003547FC /* Info.plist */ = {isa = PBXFileReference; lastKnownFileType = text.plist.xml; path = Info.plist; sourceTree = "<group>"; };
		A12A46EA1DAD3AB9003547FC /* FoodTrackerTests.xctest */ = {isa = PBXFileReference; explicitFileType = wrapper.cfbundle; includeInIndex = 0; path = FoodTrackerTests.xctest; sourceTree = BUILT_PRODUCTS_DIR; };
		A12A46EE1DAD3AB9003547FC /* FoodTrackerTests.swift */ = {isa = PBXFileReference; lastKnownFileType = sourcecode.swift; path = FoodTrackerTests.swift; sourceTree = "<group>"; };
		A12A46F01DAD3AB9003547FC /* Info.plist */ = {isa = PBXFileReference; lastKnownFileType = text.plist.xml; path = Info.plist; sourceTree = "<group>"; };
		A150DA8C1DF33D1400F816EF /* SendEmailPage.swift */ = {isa = PBXFileReference; fileEncoding = 4; lastKnownFileType = sourcecode.swift; path = SendEmailPage.swift; sourceTree = "<group>"; };
		A17E85B71DFF63CA00BF95A9 /* FinalDisplay.swift */ = {isa = PBXFileReference; fileEncoding = 4; lastKnownFileType = sourcecode.swift; path = FinalDisplay.swift; sourceTree = "<group>"; };
		A1BB2BC91DEBB1C2007CCB3B /* EntryPage.swift */ = {isa = PBXFileReference; fileEncoding = 4; lastKnownFileType = sourcecode.swift; path = EntryPage.swift; sourceTree = "<group>"; };
		A1BD78411DE0F51900AAAB81 /* Measurements.swift */ = {isa = PBXFileReference; fileEncoding = 4; lastKnownFileType = sourcecode.swift; path = Measurements.swift; sourceTree = "<group>"; };
/* End PBXFileReference section */

/* Begin PBXFrameworksBuildPhase section */
		A12A46D31DAD3AB9003547FC /* Frameworks */ = {
			isa = PBXFrameworksBuildPhase;
			buildActionMask = 2147483647;
			files = (
			);
			runOnlyForDeploymentPostprocessing = 0;
		};
		A12A46E71DAD3AB9003547FC /* Frameworks */ = {
			isa = PBXFrameworksBuildPhase;
			buildActionMask = 2147483647;
			files = (
			);
			runOnlyForDeploymentPostprocessing = 0;
		};
/* End PBXFrameworksBuildPhase section */

/* Begin PBXGroup section */
		A12A46CD1DAD3AB9003547FC = {
			isa = PBXGroup;
			children = (
				A12A46D81DAD3AB9003547FC /* FoodTracker */,
				A12A46ED1DAD3AB9003547FC /* FoodTrackerTests */,
				A12A46D71DAD3AB9003547FC /* Products */,
			);
			sourceTree = "<group>";
		};
		A12A46D71DAD3AB9003547FC /* Products */ = {
			isa = PBXGroup;
			children = (
				A12A46D61DAD3AB9003547FC /* FoodTracker.app */,
				A12A46EA1DAD3AB9003547FC /* FoodTrackerTests.xctest */,
			);
			name = Products;
			sourceTree = "<group>";
		};
		A12A46D81DAD3AB9003547FC /* FoodTracker */ = {
			isa = PBXGroup;
			children = (
				A12A46D91DAD3AB9003547FC /* AppDelegate.swift */,
				A1BB2BC91DEBB1C2007CCB3B /* EntryPage.swift */,
				A12A46DB1DAD3AB9003547FC /* ViewController.swift */,
				A1BD78411DE0F51900AAAB81 /* Measurements.swift */,
				A12A46DD1DAD3AB9003547FC /* Main.storyboard */,
				A17E85B71DFF63CA00BF95A9 /* FinalDisplay.swift */,
				A150DA8C1DF33D1400F816EF /* SendEmailPage.swift */,
				A12A46E01DAD3AB9003547FC /* Assets.xcassets */,
				A12A46E21DAD3AB9003547FC /* LaunchScreen.storyboard */,
				A12A46E51DAD3AB9003547FC /* Info.plist */,
			);
			path = FoodTracker;
			sourceTree = "<group>";
		};
		A12A46ED1DAD3AB9003547FC /* FoodTrackerTests */ = {
			isa = PBXGroup;
			children = (
				A12A46EE1DAD3AB9003547FC /* FoodTrackerTests.swift */,
				A12A46F01DAD3AB9003547FC /* Info.plist */,
			);
			path = FoodTrackerTests;
			sourceTree = "<group>";
		};
/* End PBXGroup section */

/* Begin PBXNativeTarget section */
		A12A46D51DAD3AB9003547FC /* FoodTracker */ = {
			isa = PBXNativeTarget;
			buildConfigurationList = A12A46F31DAD3AB9003547FC /* Build configuration list for PBXNativeTarget "FoodTracker" */;
			buildPhases = (
				A12A46D21DAD3AB9003547FC /* Sources */,
				A12A46D31DAD3AB9003547FC /* Frameworks */,
				A12A46D41DAD3AB9003547FC /* Resources */,
			);
			buildRules = (
			);
			dependencies = (
			);
			name = FoodTracker;
			productName = FoodTracker;
			productReference = A12A46D61DAD3AB9003547FC /* FoodTracker.app */;
			productType = "com.apple.product-type.application";
		};
		A12A46E91DAD3AB9003547FC /* FoodTrackerTests */ = {
			isa = PBXNativeTarget;
			buildConfigurationList = A12A46F61DAD3AB9003547FC /* Build configuration list for PBXNativeTarget "FoodTrackerTests" */;
			buildPhases = (
				A12A46E61DAD3AB9003547FC /* Sources */,
				A12A46E71DAD3AB9003547FC /* Frameworks */,
				A12A46E81DAD3AB9003547FC /* Resources */,
			);
			buildRules = (
			);
			dependencies = (
				A12A46EC1DAD3AB9003547FC /* PBXTargetDependency */,
			);
			name = FoodTrackerTests;
			productName = FoodTrackerTests;
			productReference = A12A46EA1DAD3AB9003547FC /* FoodTrackerTests.xctest */;
			productType = "com.apple.product-type.bundle.unit-test";
		};
/* End PBXNativeTarget section */

/* Begin PBXProject section */
		A12A46CE1DAD3AB9003547FC /* Project object */ = {
			isa = PBXProject;
			attributes = {
				LastSwiftUpdateCheck = 0800;
				LastUpgradeCheck = 0810;
				ORGANIZATIONNAME = Emily;
				TargetAttributes = {
					A12A46D51DAD3AB9003547FC = {
						CreatedOnToolsVersion = 8.0;
						ProvisioningStyle = Automatic;
					};
					A12A46E91DAD3AB9003547FC = {
						CreatedOnToolsVersion = 8.0;
						ProvisioningStyle = Automatic;
						TestTargetID = A12A46D51DAD3AB9003547FC;
					};
				};
			};
			buildConfigurationList = A12A46D11DAD3AB9003547FC /* Build configuration list for PBXProject "FoodTracker" */;
			compatibilityVersion = "Xcode 3.2";
			developmentRegion = English;
			hasScannedForEncodings = 0;
			knownRegions = (
				en,
				Base,
			);
			mainGroup = A12A46CD1DAD3AB9003547FC;
			productRefGroup = A12A46D71DAD3AB9003547FC /* Products */;
			projectDirPath = "";
			projectRoot = "";
			targets = (
				A12A46D51DAD3AB9003547FC /* FoodTracker */,
				A12A46E91DAD3AB9003547FC /* FoodTrackerTests */,
			);
		};
/* End PBXProject section */

/* Begin PBXResourcesBuildPhase section */
		A12A46D41DAD3AB9003547FC /* Resources */ = {
			isa = PBXResourcesBuildPhase;
			buildActionMask = 2147483647;
			files = (
				A12A46E41DAD3AB9003547FC /* LaunchScreen.storyboard in Resources */,
				A12A46E11DAD3AB9003547FC /* Assets.xcassets in Resources */,
				A12A46DF1DAD3AB9003547FC /* Main.storyboard in Resources */,
			);
			runOnlyForDeploymentPostprocessing = 0;
		};
		A12A46E81DAD3AB9003547FC /* Resources */ = {
			isa = PBXResourcesBuildPhase;
			buildActionMask = 2147483647;
			files = (
			);
			runOnlyForDeploymentPostprocessing = 0;
		};
/* End PBXResourcesBuildPhase section */

/* Begin PBXSourcesBuildPhase section */
		A12A46D21DAD3AB9003547FC /* Sources */ = {
			isa = PBXSourcesBuildPhase;
			buildActionMask = 2147483647;
			files = (
				A12A46DC1DAD3AB9003547FC /* ViewController.swift in Sources */,
				A1BB2BCA1DEBB1C2007CCB3B /* EntryPage.swift in Sources */,
				A1BD78421DE0F51900AAAB81 /* Measurements.swift in Sources */,
				A150DA8D1DF33D1400F816EF /* SendEmailPage.swift in Sources */,
				A12A46DA1DAD3AB9003547FC /* AppDelegate.swift in Sources */,
				A17E85B81DFF63CA00BF95A9 /* FinalDisplay.swift in Sources */,
			);
			runOnlyForDeploymentPostprocessing = 0;
		};
		A12A46E61DAD3AB9003547FC /* Sources */ = {
			isa = PBXSourcesBuildPhase;
			buildActionMask = 2147483647;
			files = (
				A1BD78441DE0FECD00AAAB81 /* ViewController.swift in Sources */,
				A17E85B91DFF63CA00BF95A9 /* FinalDisplay.swift in Sources */,
				A1BD78431DE0F52800AAAB81 /* Measurements.swift in Sources */,
				A12A46EF1DAD3AB9003547FC /* FoodTrackerTests.swift in Sources */,
			);
			runOnlyForDeploymentPostprocessing = 0;
		};
/* End PBXSourcesBuildPhase section */

/* Begin PBXTargetDependency section */
		A12A46EC1DAD3AB9003547FC /* PBXTargetDependency */ = {
			isa = PBXTargetDependency;
			target = A12A46D51DAD3AB9003547FC /* FoodTracker */;
			targetProxy = A12A46EB1DAD3AB9003547FC /* PBXContainerItemProxy */;
		};
/* End PBXTargetDependency section */

/* Begin PBXVariantGroup section */
		A12A46DD1DAD3AB9003547FC /* Main.storyboard */ = {
			isa = PBXVariantGroup;
			children = (
				A12A46DE1DAD3AB9003547FC /* Base */,
			);
			name = Main.storyboard;
			sourceTree = "<group>";
		};
		A12A46E21DAD3AB9003547FC /* LaunchScreen.storyboard */ = {
			isa = PBXVariantGroup;
			children = (
				A12A46E31DAD3AB9003547FC /* Base */,
			);
			name = LaunchScreen.storyboard;
			sourceTree = "<group>";
		};
/* End PBXVariantGroup section */

/* Begin XCBuildConfiguration section */
		A12A46F11DAD3AB9003547FC /* Debug */ = {
			isa = XCBuildConfiguration;
			buildSettings = {
				ALWAYS_SEARCH_USER_PATHS = NO;
				CLANG_ANALYZER_NONNULL = YES;
				CLANG_CXX_LANGUAGE_STANDARD = "gnu++0x";
				CLANG_CXX_LIBRARY = "libc++";
				CLANG_ENABLE_MODULES = YES;
				CLANG_ENABLE_OBJC_ARC = YES;
				CLANG_WARN_BOOL_CONVERSION = YES;
				CLANG_WARN_CONSTANT_CONVERSION = YES;
				CLANG_WARN_DIRECT_OBJC_ISA_USAGE = YES_ERROR;
				CLANG_WARN_DOCUMENTATION_COMMENTS = YES;
				CLANG_WARN_EMPTY_BODY = YES;
				CLANG_WARN_ENUM_CONVERSION = YES;
				CLANG_WARN_INFINITE_RECURSION = YES;
				CLANG_WARN_INT_CONVERSION = YES;
				CLANG_WARN_OBJC_ROOT_CLASS = YES_ERROR;
				CLANG_WARN_SUSPICIOUS_MOVE = YES;
				CLANG_WARN_SUSPICIOUS_MOVES = YES;
				CLANG_WARN_UNREACHABLE_CODE = YES;
				CLANG_WARN__DUPLICATE_METHOD_MATCH = YES;
				"CODE_SIGN_IDENTITY[sdk=iphoneos*]" = "iPhone Developer";
				COPY_PHASE_STRIP = NO;
				DEBUG_INFORMATION_FORMAT = dwarf;
				ENABLE_STRICT_OBJC_MSGSEND = YES;
				ENABLE_TESTABILITY = YES;
				GCC_C_LANGUAGE_STANDARD = gnu99;
				GCC_DYNAMIC_NO_PIC = NO;
				GCC_NO_COMMON_BLOCKS = YES;
				GCC_OPTIMIZATION_LEVEL = 0;
				GCC_PREPROCESSOR_DEFINITIONS = (
					"DEBUG=1",
					"$(inherited)",
				);
				GCC_WARN_64_TO_32_BIT_CONVERSION = YES;
				GCC_WARN_ABOUT_RETURN_TYPE = YES_ERROR;
				GCC_WARN_UNDECLARED_SELECTOR = YES;
				GCC_WARN_UNINITIALIZED_AUTOS = YES_AGGRESSIVE;
				GCC_WARN_UNUSED_FUNCTION = YES;
				GCC_WARN_UNUSED_VARIABLE = YES;
				IPHONEOS_DEPLOYMENT_TARGET = 10.0;
				MTL_ENABLE_DEBUG_INFO = YES;
				ONLY_ACTIVE_ARCH = YES;
				SDKROOT = iphoneos;
				SWIFT_ACTIVE_COMPILATION_CONDITIONS = DEBUG;
				SWIFT_OPTIMIZATION_LEVEL = "-Onone";
				TARGETED_DEVICE_FAMILY = "1,2";
			};
			name = Debug;
		};
		A12A46F21DAD3AB9003547FC /* Release */ = {
			isa = XCBuildConfiguration;
			buildSettings = {
				ALWAYS_SEARCH_USER_PATHS = NO;
				CLANG_ANALYZER_NONNULL = YES;
				CLANG_CXX_LANGUAGE_STANDARD = "gnu++0x";
				CLANG_CXX_LIBRARY = "libc++";
				CLANG_ENABLE_MODULES = YES;
				CLANG_ENABLE_OBJC_ARC = YES;
				CLANG_WARN_BOOL_CONVERSION = YES;
				CLANG_WARN_CONSTANT_CONVERSION = YES;
				CLANG_WARN_DIRECT_OBJC_ISA_USAGE = YES_ERROR;
				CLANG_WARN_DOCUMENTATION_COMMENTS = YES;
				CLANG_WARN_EMPTY_BODY = YES;
				CLANG_WARN_ENUM_CONVERSION = YES;
				CLANG_WARN_INFINITE_RECURSION = YES;
				CLANG_WARN_INT_CONVERSION = YES;
				CLANG_WARN_OBJC_ROOT_CLASS = YES_ERROR;
				CLANG_WARN_SUSPICIOUS_MOVE = YES;
				CLANG_WARN_SUSPICIOUS_MOVES = YES;
				CLANG_WARN_UNREACHABLE_CODE = YES;
				CLANG_WARN__DUPLICATE_METHOD_MATCH = YES;
				"CODE_SIGN_IDENTITY[sdk=iphoneos*]" = "iPhone Developer";
				COPY_PHASE_STRIP = NO;
				DEBUG_INFORMATION_FORMAT = "dwarf-with-dsym";
				ENABLE_NS_ASSERTIONS = NO;
				ENABLE_STRICT_OBJC_MSGSEND = YES;
				GCC_C_LANGUAGE_STANDARD = gnu99;
				GCC_NO_COMMON_BLOCKS = YES;
				GCC_WARN_64_TO_32_BIT_CONVERSION = YES;
				GCC_WARN_ABOUT_RETURN_TYPE = YES_ERROR;
				GCC_WARN_UNDECLARED_SELECTOR = YES;
				GCC_WARN_UNINITIALIZED_AUTOS = YES_AGGRESSIVE;
				GCC_WARN_UNUSED_FUNCTION = YES;
				GCC_WARN_UNUSED_VARIABLE = YES;
				IPHONEOS_DEPLOYMENT_TARGET = 10.0;
				MTL_ENABLE_DEBUG_INFO = NO;
				SDKROOT = iphoneos;
				SWIFT_OPTIMIZATION_LEVEL = "-Owholemodule";
				TARGETED_DEVICE_FAMILY = "1,2";
				VALIDATE_PRODUCT = YES;
			};
			name = Release;
		};
		A12A46F41DAD3AB9003547FC /* Debug */ = {
			isa = XCBuildConfiguration;
			buildSettings = {
				ASSETCATALOG_COMPILER_APPICON_NAME = AppIcon;
				INFOPLIST_FILE = FoodTracker/Info.plist;
				LD_RUNPATH_SEARCH_PATHS = "$(inherited) @executable_path/Frameworks";
				PRODUCT_BUNDLE_IDENTIFIER = com.itsemily.FoodTracker;
				PRODUCT_NAME = "$(TARGET_NAME)";
				SWIFT_VERSION = 3.0;
			};
			name = Debug;
		};
		A12A46F51DAD3AB9003547FC /* Release */ = {
			isa = XCBuildConfiguration;
			buildSettings = {
				ASSETCATALOG_COMPILER_APPICON_NAME = AppIcon;
				INFOPLIST_FILE = FoodTracker/Info.plist;
				LD_RUNPATH_SEARCH_PATHS = "$(inherited) @executable_path/Frameworks";
				PRODUCT_BUNDLE_IDENTIFIER = com.itsemily.FoodTracker;
				PRODUCT_NAME = "$(TARGET_NAME)";
				SWIFT_VERSION = 3.0;
			};
			name = Release;
		};
		A12A46F71DAD3AB9003547FC /* Debug */ = {
			isa = XCBuildConfiguration;
			buildSettings = {
				ALWAYS_EMBED_SWIFT_STANDARD_LIBRARIES = YES;
				BUNDLE_LOADER = "$(TEST_HOST)";
				INFOPLIST_FILE = FoodTrackerTests/Info.plist;
				LD_RUNPATH_SEARCH_PATHS = "$(inherited) @executable_path/Frameworks @loader_path/Frameworks";
				PRODUCT_BUNDLE_IDENTIFIER = com.itsemily.FoodTrackerTests;
				PRODUCT_NAME = "$(TARGET_NAME)";
				SWIFT_VERSION = 3.0;
				TEST_HOST = "$(BUILT_PRODUCTS_DIR)/FoodTracker.app/FoodTracker";
			};
			name = Debug;
		};
		A12A46F81DAD3AB9003547FC /* Release */ = {
			isa = XCBuildConfiguration;
			buildSettings = {
				ALWAYS_EMBED_SWIFT_STANDARD_LIBRARIES = YES;
				BUNDLE_LOADER = "$(TEST_HOST)";
				INFOPLIST_FILE = FoodTrackerTests/Info.plist;
				LD_RUNPATH_SEARCH_PATHS = "$(inherited) @executable_path/Frameworks @loader_path/Frameworks";
				PRODUCT_BUNDLE_IDENTIFIER = com.itsemily.FoodTrackerTests;
				PRODUCT_NAME = "$(TARGET_NAME)";
				SWIFT_VERSION = 3.0;
				TEST_HOST = "$(BUILT_PRODUCTS_DIR)/FoodTracker.app/FoodTracker";
			};
			name = Release;
		};
/* End XCBuildConfiguration section */

/* Begin XCConfigurationList section */
		A12A46D11DAD3AB9003547FC /* Build configuration list for PBXProject "FoodTracker" */ = {
			isa = XCConfigurationList;
			buildConfigurations = (
				A12A46F11DAD3AB9003547FC /* Debug */,
				A12A46F21DAD3AB9003547FC /* Release */,
			);
			defaultConfigurationIsVisible = 0;
			defaultConfigurationName = Release;
		};
		A12A46F31DAD3AB9003547FC /* Build configuration list for PBXNativeTarget "FoodTracker" */ = {
			isa = XCConfigurationList;
			buildConfigurations = (
				A12A46F41DAD3AB9003547FC /* Debug */,
				A12A46F51DAD3AB9003547FC /* Release */,
			);
			defaultConfigurationIsVisible = 0;
			defaultConfigurationName = Release;
		};
		A12A46F61DAD3AB9003547FC /* Build configuration list for PBXNativeTarget "FoodTrackerTests" */ = {
			isa = XCConfigurationList;
			buildConfigurations = (
				A12A46F71DAD3AB9003547FC /* Debug */,
				A12A46F81DAD3AB9003547FC /* Release */,
			);
			defaultConfigurationIsVisible = 0;
			defaultConfigurationName = Release;
		};
/* End XCConfigurationList section */
	};
	rootObject = A12A46CE1DAD3AB9003547FC /* Project object */;
}
